<?xml version="1.0" encoding="utf-8"?>
<Project ToolsVersion="4.0" xmlns="http://schemas.microsoft.com/developer/msbuild/2003">
  <ItemGroup>
    <Filter Include="源文件">
      <UniqueIdentifier>{4FC737F1-C7A5-4376-A066-2A32D752A2FF}</UniqueIdentifier>
      <Extensions>cpp;c;cc;cxx;def;odl;idl;hpj;bat;asm;asmx</Extensions>
    </Filter>
    <Filter Include="头文件">
      <UniqueIdentifier>{93995380-89BD-4b04-88EB-625FBE52EBFB}</UniqueIdentifier>
      <Extensions>h;hh;hpp;hxx;hm;inl;inc;xsd</Extensions>
    </Filter>
    <Filter Include="资源文件">
      <UniqueIdentifier>{67DA6AB6-F800-4c08-8B7A-83BB121AAD01}</UniqueIdentifier>
      <Extensions>rc;ico;cur;bmp;dlg;rc2;rct;bin;rgs;gif;jpg;jpeg;jpe;resx;tiff;tif;png;wav;mfcribbon-ms</Extensions>
    </Filter>
    <Filter Include="源文件\Main">
      <UniqueIdentifier>{9a5f77cc-a33e-4c88-8325-d196180693f6}</UniqueIdentifier>
    </Filter>
    <Filter Include="头文件\Main">
      <UniqueIdentifier>{2242f5b0-a9ca-4145-9dea-817e0d63a924}</UniqueIdentifier>
    </Filter>
    <Filter Include="头文件\Global">
      <UniqueIdentifier>{bf05b6bf-07be-4158-8dca-c7334bb2f932}</UniqueIdentifier>
    </Filter>
    <Filter Include="源文件\Global">
      <UniqueIdentifier>{e5bdc221-b003-4f75-a52b-e524b9cfc356}</UniqueIdentifier>
    </Filter>
    <Filter Include="头文件\Tools">
      <UniqueIdentifier>{1845813e-65fd-4db2-b63c-3cc082e0a39c}</UniqueIdentifier>
    </Filter>
    <Filter Include="源文件\Tools">
      <UniqueIdentifier>{8aba1728-fca5-4a17-a17e-d4c5218ad388}</UniqueIdentifier>
    </Filter>
    <Filter Include="源文件\DirectX">
      <UniqueIdentifier>{fad90c4e-0833-4d38-ac97-9113c5106d59}</UniqueIdentifier>
    </Filter>
    <Filter Include="头文件\DirectX">
      <UniqueIdentifier>{3f992eb4-e6e8-4c30-857c-aa47619ebcec}</UniqueIdentifier>
    </Filter>
    <Filter Include="源文件\Scenes">
      <UniqueIdentifier>{87c06869-ee37-4e76-9b8d-e8a2c5ff5e58}</UniqueIdentifier>
    </Filter>
    <Filter Include="头文件\Scenes">
      <UniqueIdentifier>{6940d137-923e-4971-be50-fc7ab217a0dc}</UniqueIdentifier>
    </Filter>
  </ItemGroup>
  <ItemGroup>
    <ClCompile Include="WinMain.cpp">
      <Filter>源文件\Main</Filter>
    </ClCompile>
    <ClCompile Include="GameMain.cpp">
      <Filter>源文件\Main</Filter>
    </ClCompile>
    <ClCompile Include="Global.cpp">
      <Filter>源文件\Global</Filter>
    </ClCompile>
    <ClCompile Include="DirectX.cpp">
      <Filter>源文件\DirectX</Filter>
    </ClCompile>
    <ClCompile Include="DirectSound.cpp">
      <Filter>源文件\DirectX</Filter>
    </ClCompile>
    <ClCompile Include="HomeScene.cpp">
      <Filter>源文件\Scenes</Filter>
    </ClCompile>
    <ClCompile Include="GamingScene.cpp">
      <Filter>源文件\Scenes</Filter>
    </ClCompile>
    <ClCompile Include="CursorGUI.cpp">
      <Filter>源文件</Filter>
    </ClCompile>
    <ClCompile Include="DebugTools.cpp">
      <Filter>源文件</Filter>
    </ClCompile>
    <ClCompile Include="Sound.cpp">
      <Filter>源文件</Filter>
    </ClCompile>
    <ClCompile Include="AboutScene.cpp">
      <Filter>源文件\Scenes</Filter>
    </ClCompile>
    <ClCompile Include="DesignMapScene.cpp">
      <Filter>源文件\Scenes</Filter>
    </ClCompile>
    <ClCompile Include="GameSettingScene.cpp">
      <Filter>源文件\Scenes</Filter>
    </ClCompile>
  </ItemGroup>
  <ItemGroup>
    <ClInclude Include="GameMain.h">
      <Filter>头文件\Main</Filter>
    </ClInclude>
    <ClInclude Include="Global.h">
      <Filter>头文件\Global</Filter>
    </ClInclude>
    <ClInclude Include="Resource.h">
      <Filter>头文件</Filter>
    </ClInclude>
    <ClInclude Include="DirectX.h">
      <Filter>头文件\DirectX</Filter>
    </ClInclude>
    <ClInclude Include="DirectSound.h">
      <Filter>头文件\DirectX</Filter>
    </ClInclude>
    <ClInclude Include="Scenes.h">
      <Filter>头文件\Scenes</Filter>
    </ClInclude>
    <ClInclude Include="Scene.h">
      <Filter>头文件\Scenes</Filter>
    </ClInclude>
    <ClInclude Include="HomeScene.h">
      <Filter>头文件\Scenes</Filter>
    </ClInclude>
    <ClInclude Include="WinMain.h">
      <Filter>头文件\Main</Filter>
    </ClInclude>
    <ClInclude Include="GamingScene.h">
      <Filter>头文件\Scenes</Filter>
    </ClInclude>
    <ClInclude Include="AboutScene.h">
      <Filter>头文件</Filter>
    </ClInclude>
    <ClInclude Include="CursorGUI.h">
      <Filter>头文件</Filter>
    </ClInclude>
    <ClInclude Include="DebugTools.h">
      <Filter>头文件</Filter>
    </ClInclude>
    <ClInclude Include="GUIs.h">
      <Filter>头文件</Filter>
    </ClInclude>
    <ClInclude Include="Sound.h">
      <Filter>头文件</Filter>
    </ClInclude>
    <ClInclude Include="resource1.h">
      <Filter>头文件</Filter>
    </ClInclude>
    <ClInclude Include="DesignMapScene.h">
      <Filter>头文件\Scenes</Filter>
    </ClInclude>
    <ClInclude Include="GameSettingScene.h">
      <Filter>头文件\Scenes</Filter>
    </ClInclude>
  </ItemGroup>
</Project>